
Microsoft Visual Studio Solution File, Format Version 12.00
# Visual Studio Version 16
VisualStudioVersion = 16.0.31605.320
MinimumVisualStudioVersion = 10.0.40219.1
Project("{FAE04EC0-301F-11D3-BF4B-00C04F79EFBC}") = "WebPageVote", "WebPageVote\WebPageVote.csproj", "{1711B8DA-4B83-45B5-9169-AEBD53BB1390}"
EndProject
Global
	GlobalSection(SolutionConfigurationPlatforms) = preSolution
		Debug|Any CPU = Debug|Any CPU
		Release|Any CPU = Release|Any CPU
	EndGlobalSection
	GlobalSection(ProjectConfigurationPlatforms) = postSolution
		{1711B8DA-4B83-45B5-9169-AEBD53BB1390}.Debug|Any CPU.ActiveCfg = Debug|Any CPU
		{1711B8DA-4B83-45B5-9169-AEBD53BB1390}.Debug|Any CPU.Build.0 = Debug|Any CPU
		{1711B8DA-4B83-45B5-9169-AEBD53BB1390}.Release|Any CPU.ActiveCfg = Release|Any CPU
		{1711B8DA-4B83-45B5-9169-AEBD53BB1390}.Release|Any CPU.Build.0 = Release|Any CPU
	EndGlobalSection
	GlobalSection(SolutionProperties) = preSolution
		HideSolutionNode = FALSE
	EndGlobalSection
	GlobalSection(ExtensibilityGlobals) = postSolution
		SolutionGuid = {E8B63B8B-D2E6-43CE-A6A2-F50C53D5382A}
	EndGlobalSection
EndGlobal
